
Microsoft Visual Studio Solution File, Format Version 12.00
# Visual Studio Version 16
VisualStudioVersion = 16.0.29728.190
MinimumVisualStudioVersion = 10.0.40219.1
Project("{FAE04EC0-301F-11D3-BF4B-00C04F79EFBC}") = "Json_BLE.Android", "Json_BLE\Json_BLE.Android\Json_BLE.Android.csproj", "{80FA70A1-B305-4E14-8481-3E663E621BDB}"
EndProject
Project("{FAE04EC0-301F-11D3-BF4B-00C04F79EFBC}") = "Json_BLE.iOS", "Json_BLE\Json_BLE.iOS\Json_BLE.iOS.csproj", "{2240B5E2-9657-432E-A3C3-1669B675C6B1}"
EndProject
Project("{9A19103F-16F7-4668-BE54-9A1E7A4F7556}") = "Json_BLE", "Json_BLE\Json_BLE\Json_BLE.csproj", "{0EF38A49-71F4-4D9B-B01A-1D16883122C4}"
EndProject
Project("{2150E333-8FDC-42A3-9474-1A3956D46DE8}") = "Solution Items", "Solution Items", "{D2BD6EC5-31C3-4582-A798-C409401D2DF8}"
	ProjectSection(SolutionItems) = preProject
		.travis.yml = .travis.yml
	EndProjectSection
EndProject
Global
	GlobalSection(SolutionConfigurationPlatforms) = preSolution
		Debug|Any CPU = Debug|Any CPU
		Debug|iPhone = Debug|iPhone
		Debug|iPhoneSimulator = Debug|iPhoneSimulator
		Release|Any CPU = Release|Any CPU
		Release|iPhone = Release|iPhone
		Release|iPhoneSimulator = Release|iPhoneSimulator
	EndGlobalSection
	GlobalSection(ProjectConfigurationPlatforms) = postSolution
		{80FA70A1-B305-4E14-8481-3E663E621BDB}.Debug|Any CPU.ActiveCfg = Debug|Any CPU
		{80FA70A1-B305-4E14-8481-3E663E621BDB}.Debug|Any CPU.Build.0 = Debug|Any CPU
		{80FA70A1-B305-4E14-8481-3E663E621BDB}.Debug|Any CPU.Deploy.0 = Debug|Any CPU
		{80FA70A1-B305-4E14-8481-3E663E621BDB}.Debug|iPhone.ActiveCfg = Debug|Any CPU
		{80FA70A1-B305-4E14-8481-3E663E621BDB}.Debug|iPhone.Build.0 = Debug|Any CPU
		{80FA70A1-B305-4E14-8481-3E663E621BDB}.Debug|iPhone.Deploy.0 = Debug|Any CPU
		{80FA70A1-B305-4E14-8481-3E663E621BDB}.Debug|iPhoneSimulator.ActiveCfg = Debug|Any CPU
		{80FA70A1-B305-4E14-8481-3E663E621BDB}.Debug|iPhoneSimulator.Build.0 = Debug|Any CPU
		{80FA70A1-B305-4E14-8481-3E663E621BDB}.Debug|iPhoneSimulator.Deploy.0 = Debug|Any CPU
		{80FA70A1-B305-4E14-8481-3E663E621BDB}.Release|Any CPU.ActiveCfg = Release|Any CPU
		{80FA70A1-B305-4E14-8481-3E663E621BDB}.Release|Any CPU.Build.0 = Release|Any CPU
		{80FA70A1-B305-4E14-8481-3E663E621BDB}.Release|Any CPU.Deploy.0 = Release|Any CPU
		{80FA70A1-B305-4E14-8481-3E663E621BDB}.Release|iPhone.ActiveCfg = Release|Any CPU
		{80FA70A1-B305-4E14-8481-3E663E621BDB}.Release|iPhone.Build.0 = Release|Any CPU
		{80FA70A1-B305-4E14-8481-3E663E621BDB}.Release|iPhone.Deploy.0 = Release|Any CPU
		{80FA70A1-B305-4E14-8481-3E663E621BDB}.Release|iPhoneSimulator.ActiveCfg = Release|Any CPU
		{80FA70A1-B305-4E14-8481-3E663E621BDB}.Release|iPhoneSimulator.Build.0 = Release|Any CPU
		{80FA70A1-B305-4E14-8481-3E663E621BDB}.Release|iPhoneSimulator.Deploy.0 = Release|Any CPU
		{2240B5E2-9657-432E-A3C3-1669B675C6B1}.Debug|Any CPU.ActiveCfg = Debug|iPhoneSimulator
		{2240B5E2-9657-432E-A3C3-1669B675C6B1}.Debug|Any CPU.Build.0 = Debug|iPhoneSimulator
		{2240B5E2-9657-432E-A3C3-1669B675C6B1}.Debug|Any CPU.Deploy.0 = Debug|iPhoneSimulator
		{2240B5E2-9657-432E-A3C3-1669B675C6B1}.Debug|iPhone.ActiveCfg = Debug|iPhone
		{2240B5E2-9657-432E-A3C3-1669B675C6B1}.Debug|iPhone.Build.0 = Debug|iPhone
		{2240B5E2-9657-432E-A3C3-1669B675C6B1}.Debug|iPhone.Deploy.0 = Debug|iPhone
		{2240B5E2-9657-432E-A3C3-1669B675C6B1}.Debug|iPhoneSimulator.ActiveCfg = Debug|iPhoneSimulator
		{2240B5E2-9657-432E-A3C3-1669B675C6B1}.Debug|iPhoneSimulator.Build.0 = Debug|iPhoneSimulator
		{2240B5E2-9657-432E-A3C3-1669B675C6B1}.Debug|iPhoneSimulator.Deploy.0 = Debug|iPhoneSimulator
		{2240B5E2-9657-432E-A3C3-1669B675C6B1}.Release|Any CPU.ActiveCfg = Release|iPhone
		{2240B5E2-9657-432E-A3C3-1669B675C6B1}.Release|Any CPU.Build.0 = Release|iPhone
		{2240B5E2-9657-432E-A3C3-1669B675C6B1}.Release|Any CPU.Deploy.0 = Release|iPhone
		{2240B5E2-9657-432E-A3C3-1669B675C6B1}.Release|iPhone.ActiveCfg = Release|iPhone
		{2240B5E2-9657-432E-A3C3-1669B675C6B1}.Release|iPhone.Build.0 = Release|iPhone
		{2240B5E2-9657-432E-A3C3-1669B675C6B1}.Release|iPhone.Deploy.0 = Release|iPhone
		{2240B5E2-9657-432E-A3C3-1669B675C6B1}.Release|iPhoneSimulator.ActiveCfg = Release|iPhoneSimulator
		{2240B5E2-9657-432E-A3C3-1669B675C6B1}.Release|iPhoneSimulator.Build.0 = Release|iPhoneSimulator
		{2240B5E2-9657-432E-A3C3-1669B675C6B1}.Release|iPhoneSimulator.Deploy.0 = Release|iPhoneSimulator
		{0EF38A49-71F4-4D9B-B01A-1D16883122C4}.Debug|Any CPU.ActiveCfg = Debug|Any CPU
		{0EF38A49-71F4-4D9B-B01A-1D16883122C4}.Debug|Any CPU.Build.0 = Debug|Any CPU
		{0EF38A49-71F4-4D9B-B01A-1D16883122C4}.Debug|Any CPU.Deploy.0 = Debug|Any CPU
		{0EF38A49-71F4-4D9B-B01A-1D16883122C4}.Debug|iPhone.ActiveCfg = Debug|Any CPU
		{0EF38A49-71F4-4D9B-B01A-1D16883122C4}.Debug|iPhone.Build.0 = Debug|Any CPU
		{0EF38A49-71F4-4D9B-B01A-1D16883122C4}.Debug|iPhone.Deploy.0 = Debug|Any CPU
		{0EF38A49-71F4-4D9B-B01A-1D16883122C4}.Debug|iPhoneSimulator.ActiveCfg = Debug|Any CPU
		{0EF38A49-71F4-4D9B-B01A-1D16883122C4}.Debug|iPhoneSimulator.Build.0 = Debug|Any CPU
		{0EF38A49-71F4-4D9B-B01A-1D16883122C4}.Debug|iPhoneSimulator.Deploy.0 = Debug|Any CPU
		{0EF38A49-71F4-4D9B-B01A-1D16883122C4}.Release|Any CPU.ActiveCfg = Release|Any CPU
		{0EF38A49-71F4-4D9B-B01A-1D16883122C4}.Release|Any CPU.Build.0 = Release|Any CPU
		{0EF38A49-71F4-4D9B-B01A-1D16883122C4}.Release|Any CPU.Deploy.0 = Release|Any CPU
		{0EF38A49-71F4-4D9B-B01A-1D16883122C4}.Release|iPhone.ActiveCfg = Release|Any CPU
		{0EF38A49-71F4-4D9B-B01A-1D16883122C4}.Release|iPhone.Build.0 = Release|Any CPU
		{0EF38A49-71F4-4D9B-B01A-1D16883122C4}.Release|iPhone.Deploy.0 = Release|Any CPU
		{0EF38A49-71F4-4D9B-B01A-1D16883122C4}.Release|iPhoneSimulator.ActiveCfg = Release|Any CPU
		{0EF38A49-71F4-4D9B-B01A-1D16883122C4}.Release|iPhoneSimulator.Build.0 = Release|Any CPU
		{0EF38A49-71F4-4D9B-B01A-1D16883122C4}.Release|iPhoneSimulator.Deploy.0 = Release|Any CPU
	EndGlobalSection
	GlobalSection(SolutionProperties) = preSolution
		HideSolutionNode = FALSE
	EndGlobalSection
	GlobalSection(ExtensibilityGlobals) = postSolution
		SolutionGuid = {CD892BBB-E7A8-453C-9BEC-360C0C68AA8F}
	EndGlobalSection
EndGlobal
